
Microsoft Visual Studio Solution File, Format Version 12.00
# Visual Studio Version 17
VisualStudioVersion = 17.6.33815.320
MinimumVisualStudioVersion = 10.0.40219.1
Project("{FAE04EC0-301F-11D3-BF4B-00C04F79EFBC}") = "FileExplorer", "FileExplorer\FileExplorer.csproj", "{0B58C296-FDEF-44A1-8F72-4F275D6B765E}"
EndProject
Global
	GlobalSection(SolutionConfigurationPlatforms) = preSolution
		Debug|Any CPU = Debug|Any CPU
		Release|Any CPU = Release|Any CPU
	EndGlobalSection
	GlobalSection(ProjectConfigurationPlatforms) = postSolution
		{0B58C296-FDEF-44A1-8F72-4F275D6B765E}.Debug|Any CPU.ActiveCfg = Debug|Any CPU
		{0B58C296-FDEF-44A1-8F72-4F275D6B765E}.Debug|Any CPU.Build.0 = Debug|Any CPU
		{0B58C296-FDEF-44A1-8F72-4F275D6B765E}.Release|Any CPU.ActiveCfg = Release|Any CPU
		{0B58C296-FDEF-44A1-8F72-4F275D6B765E}.Release|Any CPU.Build.0 = Release|Any CPU
	EndGlobalSection
	GlobalSection(SolutionProperties) = preSolution
		HideSolutionNode = FALSE
	EndGlobalSection
	GlobalSection(ExtensibilityGlobals) = postSolution
		SolutionGuid = {58378DC6-BFA9-4CCC-8B73-7CE2DEB0AE2A}
	EndGlobalSection
EndGlobal
